// !$*UTF8*$!
{
	archiveVersion = 1;
	classes = {
	};
	objectVersion = 46;
	objects = {

/* Begin PBXBuildFile section */
		247073711F185B1E00000A38 /* main.m in Sources */ = {isa = PBXBuildFile; fileRef = 247073701F185B1E00000A38 /* main.m */; };
		247073741F185B1E00000A38 /* AppDelegate.m in Sources */ = {isa = PBXBuildFile; fileRef = 247073731F185B1E00000A38 /* AppDelegate.m */; };
		247073771F185B1E00000A38 /* ViewController.m in Sources */ = {isa = PBXBuildFile; fileRef = 247073761F185B1E00000A38 /* ViewController.m */; };
		2470737A1F185B1E00000A38 /* Main.storyboard in Resources */ = {isa = PBXBuildFile; fileRef = 247073781F185B1E00000A38 /* Main.storyboard */; };
		2470737C1F185B1E00000A38 /* Assets.xcassets in Resources */ = {isa = PBXBuildFile; fileRef = 2470737B1F185B1E00000A38 /* Assets.xcassets */; };
		2470737F1F185B1E00000A38 /* LaunchScreen.storyboard in Resources */ = {isa = PBXBuildFile; fileRef = 2470737D1F185B1E00000A38 /* LaunchScreen.storyboard */; };
		247073B71F1DA35B00000A38 /* ZCWDropDownMenu.m in Sources */ = {isa = PBXBuildFile; fileRef = 247073B61F1DA35B00000A38 /* ZCWDropDownMenu.m */; };
/* End PBXBuildFile section */

/* Begin PBXFileReference section */
		2470736C1F185B1E00000A38 /* ZCWDropDownMenu.app */ = {isa = PBXFileReference; explicitFileType = wrapper.application; includeInIndex = 0; path = ZCWDropDownMenu.app; sourceTree = BUILT_PRODUCTS_DIR; };
		247073701F185B1E00000A38 /* main.m */ = {isa = PBXFileReference; lastKnownFileType = sourcecode.c.objc; path = main.m; sourceTree = "<group>"; };
		247073721F185B1E00000A38 /* AppDelegate.h */ = {isa = PBXFileReference; lastKnownFileType = sourcecode.c.h; path = AppDelegate.h; sourceTree = "<group>"; };
		247073731F185B1E00000A38 /* AppDelegate.m */ = {isa = PBXFileReference; lastKnownFileType = sourcecode.c.objc; path = AppDelegate.m; sourceTree = "<group>"; };
		247073751F185B1E00000A38 /* ViewController.h */ = {isa = PBXFileReference; lastKnownFileType = sourcecode.c.h; path = ViewController.h; sourceTree = "<group>"; };
		247073761F185B1E00000A38 /* ViewController.m */ = {isa = PBXFileReference; lastKnownFileType = sourcecode.c.objc; path = ViewController.m; sourceTree = "<group>"; };
		247073791F185B1E00000A38 /* Base */ = {isa = PBXFileReference; lastKnownFileType = file.storyboard; name = Base; path = Base.lproj/Main.storyboard; sourceTree = "<group>"; };
		2470737B1F185B1E00000A38 /* Assets.xcassets */ = {isa = PBXFileReference; lastKnownFileType = folder.assetcatalog; path = Assets.xcassets; sourceTree = "<group>"; };
		2470737E1F185B1E00000A38 /* Base */ = {isa = PBXFileReference; lastKnownFileType = file.storyboard; name = Base; path = Base.lproj/LaunchScreen.storyboard; sourceTree = "<group>"; };
		247073801F185B1E00000A38 /* Info.plist */ = {isa = PBXFileReference; lastKnownFileType = text.plist.xml; path = Info.plist; sourceTree = "<group>"; };
		247073B51F1DA35B00000A38 /* ZCWDropDownMenu.h */ = {isa = PBXFileReference; fileEncoding = 4; lastKnownFileType = sourcecode.c.h; name = ZCWDropDownMenu.h; path = ZCWDropDownMenu/ZCWDropDownMenu.h; sourceTree = "<group>"; };
		247073B61F1DA35B00000A38 /* ZCWDropDownMenu.m */ = {isa = PBXFileReference; fileEncoding = 4; lastKnownFileType = sourcecode.c.objc; name = ZCWDropDownMenu.m; path = ZCWDropDownMenu/ZCWDropDownMenu.m; sourceTree = "<group>"; };
/* End PBXFileReference section */

/* Begin PBXFrameworksBuildPhase section */
		247073691F185B1E00000A38 /* Frameworks */ = {
			isa = PBXFrameworksBuildPhase;
			buildActionMask = 2147483647;
			files = (
			);
			runOnlyForDeploymentPostprocessing = 0;
		};
/* End PBXFrameworksBuildPhase section */

/* Begin PBXGroup section */
		247073631F185B1E00000A38 = {
			isa = PBXGroup;
			children = (
				2470736E1F185B1E00000A38 /* ZCWDropDownMenu */,
				2470736D1F185B1E00000A38 /* Products */,
			);
			sourceTree = "<group>";
		};
		2470736D1F185B1E00000A38 /* Products */ = {
			isa = PBXGroup;
			children = (
				2470736C1F185B1E00000A38 /* ZCWDropDownMenu.app */,
			);
			name = Products;
			sourceTree = "<group>";
		};
		2470736E1F185B1E00000A38 /* ZCWDropDownMenu */ = {
			isa = PBXGroup;
			children = (
				247073891F185B6400000A38 /* ZCWDropDownMenu */,
				247073721F185B1E00000A38 /* AppDelegate.h */,
				247073731F185B1E00000A38 /* AppDelegate.m */,
				247073751F185B1E00000A38 /* ViewController.h */,
				247073761F185B1E00000A38 /* ViewController.m */,
				247073781F185B1E00000A38 /* Main.storyboard */,
				2470737B1F185B1E00000A38 /* Assets.xcassets */,
				2470737D1F185B1E00000A38 /* LaunchScreen.storyboard */,
				247073801F185B1E00000A38 /* Info.plist */,
				2470736F1F185B1E00000A38 /* Supporting Files */,
			);
			path = ZCWDropDownMenu;
			sourceTree = "<group>";
		};
		2470736F1F185B1E00000A38 /* Supporting Files */ = {
			isa = PBXGroup;
			children = (
				247073701F185B1E00000A38 /* main.m */,
			);
			name = "Supporting Files";
			sourceTree = "<group>";
		};
		247073891F185B6400000A38 /* ZCWDropDownMenu */ = {
			isa = PBXGroup;
			children = (
				247073B51F1DA35B00000A38 /* ZCWDropDownMenu.h */,
				247073B61F1DA35B00000A38 /* ZCWDropDownMenu.m */,
			);
			name = ZCWDropDownMenu;
			sourceTree = "<group>";
		};
/* End PBXGroup section */

/* Begin PBXNativeTarget section */
		2470736B1F185B1E00000A38 /* ZCWDropDownMenu */ = {
			isa = PBXNativeTarget;
			buildConfigurationList = 247073831F185B1E00000A38 /* Build configuration list for PBXNativeTarget "ZCWDropDownMenu" */;
			buildPhases = (
				247073681F185B1E00000A38 /* Sources */,
				247073691F185B1E00000A38 /* Frameworks */,
				2470736A1F185B1E00000A38 /* Resources */,
			);
			buildRules = (
			);
			dependencies = (
			);
			name = ZCWDropDownMenu;
			productName = ZCWDropDownMenu;
			productReference = 2470736C1F185B1E00000A38 /* ZCWDropDownMenu.app */;
			productType = "com.apple.product-type.application";
		};
/* End PBXNativeTarget section */

/* Begin PBXProject section */
		247073641F185B1E00000A38 /* Project object */ = {
			isa = PBXProject;
			attributes = {
				LastUpgradeCheck = 0830;
				ORGANIZATIONNAME = zcw;
				TargetAttributes = {
					2470736B1F185B1E00000A38 = {
						CreatedOnToolsVersion = 8.3.3;
						DevelopmentTeam = 7KHT33HNZK;
						ProvisioningStyle = Automatic;
					};
				};
			};
			buildConfigurationList = 247073671F185B1E00000A38 /* Build configuration list for PBXProject "ZCWDropDownMenu" */;
			compatibilityVersion = "Xcode 3.2";
			developmentRegion = English;
			hasScannedForEncodings = 0;
			knownRegions = (
				en,
				Base,
			);
			mainGroup = 247073631F185B1E00000A38;
			productRefGroup = 2470736D1F185B1E00000A38 /* Products */;
			projectDirPath = "";
			projectRoot = "";
			targets = (
				2470736B1F185B1E00000A38 /* ZCWDropDownMenu */,
			);
		};
/* End PBXProject section */

/* Begin PBXResourcesBuildPhase section */
		2470736A1F185B1E00000A38 /* Resources */ = {
			isa = PBXResourcesBuildPhase;
			buildActionMask = 2147483647;
			files = (
				2470737F1F185B1E00000A38 /* LaunchScreen.storyboard in Resources */,
				2470737C1F185B1E00000A38 /* Assets.xcassets in Resources */,
				2470737A1F185B1E00000A38 /* Main.storyboard in Resources */,
			);
			runOnlyForDeploymentPostprocessing = 0;
		};
/* End PBXResourcesBuildPhase section */

/* Begin PBXSourcesBuildPhase section */
		247073681F185B1E00000A38 /* Sources */ = {
			isa = PBXSourcesBuildPhase;
			buildActionMask = 2147483647;
			files = (
				247073771F185B1E00000A38 /* ViewController.m in Sources */,
				247073741F185B1E00000A38 /* AppDelegate.m in Sources */,
				247073B71F1DA35B00000A38 /* ZCWDropDownMenu.m in Sources */,
				247073711F185B1E00000A38 /* main.m in Sources */,
			);
			runOnlyForDeploymentPostprocessing = 0;
		};
/* End PBXSourcesBuildPhase section */

/* Begin PBXVariantGroup section */
		247073781F185B1E00000A38 /* Main.storyboard */ = {
			isa = PBXVariantGroup;
			children = (
				247073791F185B1E00000A38 /* Base */,
			);
			name = Main.storyboard;
			sourceTree = "<group>";
		};
		2470737D1F185B1E00000A38 /* LaunchScreen.storyboard */ = {
			isa = PBXVariantGroup;
			children = (
				2470737E1F185B1E00000A38 /* Base */,
			);
			name = LaunchScreen.storyboard;
			sourceTree = "<group>";
		};
/* End PBXVariantGroup section */

/* Begin XCBuildConfiguration section */
		247073811F185B1E00000A38 /* Debug */ = {
			isa = XCBuildConfiguration;
			buildSettings = {
				ALWAYS_SEARCH_USER_PATHS = NO;
				CLANG_ANALYZER_NONNULL = YES;
				CLANG_ANALYZER_NUMBER_OBJECT_CONVERSION = YES_AGGRESSIVE;
				CLANG_CXX_LANGUAGE_STANDARD = "gnu++0x";
				CLANG_CXX_LIBRARY = "libc++";
				CLANG_ENABLE_MODULES = YES;
				CLANG_ENABLE_OBJC_ARC = YES;
				CLANG_WARN_BOOL_CONVERSION = YES;
				CLANG_WARN_CONSTANT_CONVERSION = YES;
				CLANG_WARN_DIRECT_OBJC_ISA_USAGE = YES_ERROR;
				CLANG_WARN_DOCUMENTATION_COMMENTS = YES;
				CLANG_WARN_EMPTY_BODY = YES;
				CLANG_WARN_ENUM_CONVERSION = YES;
				CLANG_WARN_INFINITE_RECURSION = YES;
				CLANG_WARN_INT_CONVERSION = YES;
				CLANG_WARN_OBJC_ROOT_CLASS = YES_ERROR;
				CLANG_WARN_SUSPICIOUS_MOVE = YES;
				CLANG_WARN_UNREACHABLE_CODE = YES;
				CLANG_WARN__DUPLICATE_METHOD_MATCH = YES;
				"CODE_SIGN_IDENTITY[sdk=iphoneos*]" = "iPhone Developer";
				COPY_PHASE_STRIP = NO;
				DEBUG_INFORMATION_FORMAT = dwarf;
				ENABLE_STRICT_OBJC_MSGSEND = YES;
				ENABLE_TESTABILITY = YES;
				GCC_C_LANGUAGE_STANDARD = gnu99;
				GCC_DYNAMIC_NO_PIC = NO;
				GCC_NO_COMMON_BLOCKS = YES;
				GCC_OPTIMIZATION_LEVEL = 0;
				GCC_PREPROCESSOR_DEFINITIONS = (
					"DEBUG=1",
					"$(inherited)",
				);
				GCC_WARN_64_TO_32_BIT_CONVERSION = YES;
				GCC_WARN_ABOUT_RETURN_TYPE = YES_ERROR;
				GCC_WARN_UNDECLARED_SELECTOR = YES;
				GCC_WARN_UNINITIALIZED_AUTOS = YES_AGGRESSIVE;
				GCC_WARN_UNUSED_FUNCTION = YES;
				GCC_WARN_UNUSED_VARIABLE = YES;
				IPHONEOS_DEPLOYMENT_TARGET = 10.3;
				MTL_ENABLE_DEBUG_INFO = YES;
				ONLY_ACTIVE_ARCH = YES;
				SDKROOT = iphoneos;
			};
			name = Debug;
		};
		247073821F185B1E00000A38 /* Release */ = {
			isa = XCBuildConfiguration;
			buildSettings = {
				ALWAYS_SEARCH_USER_PATHS = NO;
				CLANG_ANALYZER_NONNULL = YES;
				CLANG_ANALYZER_NUMBER_OBJECT_CONVERSION = YES_AGGRESSIVE;
				CLANG_CXX_LANGUAGE_STANDARD = "gnu++0x";
				CLANG_CXX_LIBRARY = "libc++";
				CLANG_ENABLE_MODULES = YES;
				CLANG_ENABLE_OBJC_ARC = YES;
				CLANG_WARN_BOOL_CONVERSION = YES;
				CLANG_WARN_CONSTANT_CONVERSION = YES;
				CLANG_WARN_DIRECT_OBJC_ISA_USAGE = YES_ERROR;
				CLANG_WARN_DOCUMENTATION_COMMENTS = YES;
				CLANG_WARN_EMPTY_BODY = YES;
				CLANG_WARN_ENUM_CONVERSION = YES;
				CLANG_WARN_INFINITE_RECURSION = YES;
				CLANG_WARN_INT_CONVERSION = YES;
				CLANG_WARN_OBJC_ROOT_CLASS = YES_ERROR;
				CLANG_WARN_SUSPICIOUS_MOVE = YES;
				CLANG_WARN_UNREACHABLE_CODE = YES;
				CLANG_WARN__DUPLICATE_METHOD_MATCH = YES;
				"CODE_SIGN_IDENTITY[sdk=iphoneos*]" = "iPhone Developer";
				COPY_PHASE_STRIP = NO;
				DEBUG_INFORMATION_FORMAT = "dwarf-with-dsym";
				ENABLE_NS_ASSERTIONS = NO;
				ENABLE_STRICT_OBJC_MSGSEND = YES;
				GCC_C_LANGUAGE_STANDARD = gnu99;
				GCC_NO_COMMON_BLOCKS = YES;
				GCC_WARN_64_TO_32_BIT_CONVERSION = YES;
				GCC_WARN_ABOUT_RETURN_TYPE = YES_ERROR;
				GCC_WARN_UNDECLARED_SELECTOR = YES;
				GCC_WARN_UNINITIALIZED_AUTOS = YES_AGGRESSIVE;
				GCC_WARN_UNUSED_FUNCTION = YES;
				GCC_WARN_UNUSED_VARIABLE = YES;
				IPHONEOS_DEPLOYMENT_TARGET = 10.3;
				MTL_ENABLE_DEBUG_INFO = NO;
				SDKROOT = iphoneos;
				VALIDATE_PRODUCT = YES;
			};
			name = Release;
		};
		247073841F185B1E00000A38 /* Debug */ = {
			isa = XCBuildConfiguration;
			buildSettings = {
				ASSETCATALOG_COMPILER_APPICON_NAME = AppIcon;
				DEVELOPMENT_TEAM = 7KHT33HNZK;
				INFOPLIST_FILE = ZCWDropDownMenu/Info.plist;
				LD_RUNPATH_SEARCH_PATHS = "$(inherited) @executable_path/Frameworks";
				PRODUCT_BUNDLE_IDENTIFIER = com.zcwlwen.ZCWDropDownMenu;
				PRODUCT_NAME = "$(TARGET_NAME)";
			};
			name = Debug;
		};
		247073851F185B1E00000A38 /* Release */ = {
			isa = XCBuildConfiguration;
			buildSettings = {
				ASSETCATALOG_COMPILER_APPICON_NAME = AppIcon;
				DEVELOPMENT_TEAM = 7KHT33HNZK;
				INFOPLIST_FILE = ZCWDropDownMenu/Info.plist;
				LD_RUNPATH_SEARCH_PATHS = "$(inherited) @executable_path/Frameworks";
				PRODUCT_BUNDLE_IDENTIFIER = com.zcwlwen.ZCWDropDownMenu;
				PRODUCT_NAME = "$(TARGET_NAME)";
			};
			name = Release;
		};
/* End XCBuildConfiguration section */

/* Begin XCConfigurationList section */
		247073671F185B1E00000A38 /* Build configuration list for PBXProject "ZCWDropDownMenu" */ = {
			isa = XCConfigurationList;
			buildConfigurations = (
				247073811F185B1E00000A38 /* Debug */,
				247073821F185B1E00000A38 /* Release */,
			);
			defaultConfigurationIsVisible = 0;
			defaultConfigurationName = Release;
		};
		247073831F185B1E00000A38 /* Build configuration list for PBXNativeTarget "ZCWDropDownMenu" */ = {
			isa = XCConfigurationList;
			buildConfigurations = (
				247073841F185B1E00000A38 /* Debug */,
				247073851F185B1E00000A38 /* Release */,
			);
			defaultConfigurationIsVisible = 0;
		};
/* End XCConfigurationList section */
	};
	rootObject = 247073641F185B1E00000A38 /* Project object */;
}
